
Microsoft Visual Studio Solution File, Format Version 11.00
# Visual Studio 2010
Project("{FAE04EC0-301F-11D3-BF4B-00C04F79EFBC}") = "Assembly-CSharp", "Assembly-CSharp.csproj", "{3f8cbc64-1afc-d437-1ebb-f6161866d1ec}"
EndProject
Project("{FAE04EC0-301F-11D3-BF4B-00C04F79EFBC}") = "AstarPathfindingProject", "AstarPathfindingProject.csproj", "{f33fca89-0f86-6487-8ad7-db528b96ce43}"
EndProject
Project("{FAE04EC0-301F-11D3-BF4B-00C04F79EFBC}") = "AstarPathfindingProjectEditor", "AstarPathfindingProjectEditor.csproj", "{45e66497-58cd-a164-0c8e-ce2c9ec952a8}"
EndProject
Project("{FAE04EC0-301F-11D3-BF4B-00C04F79EFBC}") = "PackageToolsEditor", "PackageToolsEditor.csproj", "{c25596e3-0b66-12c9-e58a-9db30f568a50}"
EndProject
Global
	GlobalSection(SolutionConfigurationPlatforms) = preSolution
		Debug|Any CPU = Debug|Any CPU
		Release|Any CPU = Release|Any CPU
	EndGlobalSection
	GlobalSection(ProjectConfigurationPlatforms) = postSolution
		{3f8cbc64-1afc-d437-1ebb-f6161866d1ec}.Debug|Any CPU.ActiveCfg = Debug|Any CPU
		{3f8cbc64-1afc-d437-1ebb-f6161866d1ec}.Debug|Any CPU.Build.0 = Debug|Any CPU
		{3f8cbc64-1afc-d437-1ebb-f6161866d1ec}.Release|Any CPU.ActiveCfg = Release|Any CPU
		{3f8cbc64-1afc-d437-1ebb-f6161866d1ec}.Release|Any CPU.Build.0 = Release|Any CPU
		{f33fca89-0f86-6487-8ad7-db528b96ce43}.Debug|Any CPU.ActiveCfg = Debug|Any CPU
		{f33fca89-0f86-6487-8ad7-db528b96ce43}.Debug|Any CPU.Build.0 = Debug|Any CPU
		{f33fca89-0f86-6487-8ad7-db528b96ce43}.Release|Any CPU.ActiveCfg = Release|Any CPU
		{f33fca89-0f86-6487-8ad7-db528b96ce43}.Release|Any CPU.Build.0 = Release|Any CPU
		{45e66497-58cd-a164-0c8e-ce2c9ec952a8}.Debug|Any CPU.ActiveCfg = Debug|Any CPU
		{45e66497-58cd-a164-0c8e-ce2c9ec952a8}.Debug|Any CPU.Build.0 = Debug|Any CPU
		{45e66497-58cd-a164-0c8e-ce2c9ec952a8}.Release|Any CPU.ActiveCfg = Release|Any CPU
		{45e66497-58cd-a164-0c8e-ce2c9ec952a8}.Release|Any CPU.Build.0 = Release|Any CPU
		{c25596e3-0b66-12c9-e58a-9db30f568a50}.Debug|Any CPU.ActiveCfg = Debug|Any CPU
		{c25596e3-0b66-12c9-e58a-9db30f568a50}.Debug|Any CPU.Build.0 = Debug|Any CPU
		{c25596e3-0b66-12c9-e58a-9db30f568a50}.Release|Any CPU.ActiveCfg = Release|Any CPU
		{c25596e3-0b66-12c9-e58a-9db30f568a50}.Release|Any CPU.Build.0 = Release|Any CPU
	EndGlobalSection
	GlobalSection(SolutionProperties) = preSolution
		HideSolutionNode = FALSE
	EndGlobalSection
EndGlobal
